
Microsoft Visual Studio Solution File, Format Version 12.00
# Visual Studio 2012
Project("{FAE04EC0-301F-11D3-BF4B-00C04F79EFBC}") = "iOSXamarinTestCT", "iOSXamarinTestCT\iOSXamarinTestCT.csproj", "{6F9CE5E6-2EBF-4370-A71C-DA2E156815FC}"
EndProject
Project("{FAE04EC0-301F-11D3-BF4B-00C04F79EFBC}") = "iOSXamarinTestCT.UITests", "iOSXamarinTestCT.UITests\iOSXamarinTestCT.UITests.csproj", "{58D654B5-D592-45EF-B4A4-6949A26DE112}"
EndProject
Global
	GlobalSection(SolutionConfigurationPlatforms) = preSolution
		Debug|iPhoneSimulator = Debug|iPhoneSimulator
		Release|iPhone = Release|iPhone
		Release|iPhoneSimulator = Release|iPhoneSimulator
		Debug|iPhone = Debug|iPhone
		Debug|Any CPU = Debug|Any CPU
		Release|Any CPU = Release|Any CPU
	EndGlobalSection
	GlobalSection(ProjectConfigurationPlatforms) = postSolution
		{6F9CE5E6-2EBF-4370-A71C-DA2E156815FC}.Debug|iPhoneSimulator.ActiveCfg = Debug|iPhoneSimulator
		{6F9CE5E6-2EBF-4370-A71C-DA2E156815FC}.Debug|iPhoneSimulator.Build.0 = Debug|iPhoneSimulator
		{6F9CE5E6-2EBF-4370-A71C-DA2E156815FC}.Release|iPhone.ActiveCfg = Release|iPhone
		{6F9CE5E6-2EBF-4370-A71C-DA2E156815FC}.Release|iPhone.Build.0 = Release|iPhone
		{6F9CE5E6-2EBF-4370-A71C-DA2E156815FC}.Release|iPhoneSimulator.ActiveCfg = Release|iPhoneSimulator
		{6F9CE5E6-2EBF-4370-A71C-DA2E156815FC}.Release|iPhoneSimulator.Build.0 = Release|iPhoneSimulator
		{6F9CE5E6-2EBF-4370-A71C-DA2E156815FC}.Debug|iPhone.ActiveCfg = Debug|iPhone
		{6F9CE5E6-2EBF-4370-A71C-DA2E156815FC}.Debug|iPhone.Build.0 = Debug|iPhone
		{6F9CE5E6-2EBF-4370-A71C-DA2E156815FC}.Debug|Any CPU.ActiveCfg = Debug|iPhoneSimulator
		{6F9CE5E6-2EBF-4370-A71C-DA2E156815FC}.Debug|Any CPU.Build.0 = Debug|iPhoneSimulator
		{6F9CE5E6-2EBF-4370-A71C-DA2E156815FC}.Release|Any CPU.ActiveCfg = Release|iPhone
		{6F9CE5E6-2EBF-4370-A71C-DA2E156815FC}.Release|Any CPU.Build.0 = Release|iPhone
		{58D654B5-D592-45EF-B4A4-6949A26DE112}.Debug|iPhoneSimulator.ActiveCfg = Debug|Any CPU
		{58D654B5-D592-45EF-B4A4-6949A26DE112}.Debug|iPhoneSimulator.Build.0 = Debug|Any CPU
		{58D654B5-D592-45EF-B4A4-6949A26DE112}.Release|iPhone.ActiveCfg = Release|Any CPU
		{58D654B5-D592-45EF-B4A4-6949A26DE112}.Release|iPhone.Build.0 = Release|Any CPU
		{58D654B5-D592-45EF-B4A4-6949A26DE112}.Release|iPhoneSimulator.ActiveCfg = Release|Any CPU
		{58D654B5-D592-45EF-B4A4-6949A26DE112}.Release|iPhoneSimulator.Build.0 = Release|Any CPU
		{58D654B5-D592-45EF-B4A4-6949A26DE112}.Debug|iPhone.ActiveCfg = Debug|Any CPU
		{58D654B5-D592-45EF-B4A4-6949A26DE112}.Debug|iPhone.Build.0 = Debug|Any CPU
		{58D654B5-D592-45EF-B4A4-6949A26DE112}.Debug|Any CPU.ActiveCfg = Debug|Any CPU
		{58D654B5-D592-45EF-B4A4-6949A26DE112}.Debug|Any CPU.Build.0 = Debug|Any CPU
		{58D654B5-D592-45EF-B4A4-6949A26DE112}.Release|Any CPU.ActiveCfg = Release|Any CPU
		{58D654B5-D592-45EF-B4A4-6949A26DE112}.Release|Any CPU.Build.0 = Release|Any CPU
	EndGlobalSection
EndGlobal
